{
  "version": 4,
  "terraform_version": "1.14.5",
  "serial": 404,
  "lineage": "5e4aaa32-e90d-a25b-1665-4ff7787bf899",
  "outputs": {},
  "resources": [
    {
      "mode": "managed",
      "type": "azurerm_lb",
      "name": "example",
      "provider": "provider[\"registry.terraform.io/hashicorp/azurerm\"]",
      "instances": [
        {
          "schema_version": 0,
          "attributes": {
            "edge_zone": "",
            "frontend_ip_configuration": [
              {
                "gateway_load_balancer_frontend_ip_configuration_id": "",
                "id": "/subscriptions/9dc50af1-f67d-44f2-8d02-79fe0f028e7d/resourceGroups/UAT-rg/providers/Microsoft.Network/loadBalancers/UAT-LB/frontendIPConfigurations/PublicIPAddress",
                "inbound_nat_rules": [],
                "load_balancer_rules": [],
                "name": "PublicIPAddress",
                "outbound_rules": [],
                "private_ip_address": "",
                "private_ip_address_allocation": "Dynamic",
                "private_ip_address_version": "",
                "public_ip_address_id": "/subscriptions/9dc50af1-f67d-44f2-8d02-79fe0f028e7d/resourceGroups/UAT-rg/providers/Microsoft.Network/publicIPAddresses/UAT-pip",
                "public_ip_prefix_id": "",
                "subnet_id": "",
                "zones": null
              }
            ],
            "id": "/subscriptions/9dc50af1-f67d-44f2-8d02-79fe0f028e7d/resourceGroups/UAT-rg/providers/Microsoft.Network/loadBalancers/UAT-LB",
            "location": "australiaeast",
            "name": "UAT-LB",
            "private_ip_address": "",
            "private_ip_addresses": [],
            "resource_group_name": "UAT-rg",
            "sku": "Standard",
            "sku_tier": "Regional",
            "tags": null,
            "timeouts": null
          },
          "sensitive_attributes": [],
          "identity_schema_version": 0,
          "private": "eyJlMmJmYjczMC1lY2FhLTExZTYtOGY4OC0zNDM2M2JjN2M0YzAiOnsiY3JlYXRlIjoxODAwMDAwMDAwMDAwLCJkZWxldGUiOjE4MDAwMDAwMDAwMDAsInJlYWQiOjMwMDAwMDAwMDAwMCwidXBkYXRlIjoxODAwMDAwMDAwMDAwfX0=",
          "dependencies": [
            "azurerm_public_ip.example",
            "azurerm_resource_group.example"
          ]
        }
      ]
    },
    {
      "mode": "managed",
      "type": "azurerm_lb_backend_address_pool",
      "name": "example",
      "provider": "provider[\"registry.terraform.io/hashicorp/azurerm\"]",
      "instances": [
        {
          "schema_version": 0,
          "attributes": {
            "backend_ip_configurations": [],
            "id": "/subscriptions/9dc50af1-f67d-44f2-8d02-79fe0f028e7d/resourceGroups/UAT-rg/providers/Microsoft.Network/loadBalancers/UAT-LB/backendAddressPools/BackEndAddressPool",
            "inbound_nat_rules": [],
            "load_balancing_rules": [],
            "loadbalancer_id": "/subscriptions/9dc50af1-f67d-44f2-8d02-79fe0f028e7d/resourceGroups/UAT-rg/providers/Microsoft.Network/loadBalancers/UAT-LB",
            "name": "BackEndAddressPool",
            "outbound_rules": [],
            "synchronous_mode": "",
            "timeouts": null,
            "tunnel_interface": [],
            "virtual_network_id": ""
          },
          "sensitive_attributes": [],
          "identity_schema_version": 0,
          "private": "eyJlMmJmYjczMC1lY2FhLTExZTYtOGY4OC0zNDM2M2JjN2M0YzAiOnsiY3JlYXRlIjoxODAwMDAwMDAwMDAwLCJkZWxldGUiOjE4MDAwMDAwMDAwMDAsInJlYWQiOjMwMDAwMDAwMDAwMCwidXBkYXRlIjoxODAwMDAwMDAwMDAwfX0=",
          "dependencies": [
            "azurerm_lb.example",
            "azurerm_public_ip.example",
            "azurerm_resource_group.example"
          ]
        }
      ]
    },
    {
      "mode": "managed",
      "type": "azurerm_lb_outbound_rule",
      "name": "example",
      "provider": "provider[\"registry.terraform.io/hashicorp/azurerm\"]",
      "instances": [
        {
          "schema_version": 0,
          "attributes": {
            "allocated_outbound_ports": 1024,
            "backend_address_pool_id": "/subscriptions/9dc50af1-f67d-44f2-8d02-79fe0f028e7d/resourceGroups/UAT-rg/providers/Microsoft.Network/loadBalancers/UAT-LB/backendAddressPools/BackEndAddressPool",
            "enable_tcp_reset": false,
            "frontend_ip_configuration": [
              {
                "id": "/subscriptions/9dc50af1-f67d-44f2-8d02-79fe0f028e7d/resourceGroups/UAT-rg/providers/Microsoft.Network/loadBalancers/UAT-LB/frontendIPConfigurations/PublicIPAddress",
                "name": "PublicIPAddress"
              }
            ],
            "id": "/subscriptions/9dc50af1-f67d-44f2-8d02-79fe0f028e7d/resourceGroups/UAT-rg/providers/Microsoft.Network/loadBalancers/UAT-LB/outboundRules/outbound-rule",
            "idle_timeout_in_minutes": 4,
            "loadbalancer_id": "/subscriptions/9dc50af1-f67d-44f2-8d02-79fe0f028e7d/resourceGroups/UAT-rg/providers/Microsoft.Network/loadBalancers/UAT-LB",
            "name": "outbound-rule",
            "protocol": "All",
            "timeouts": null
          },
          "sensitive_attributes": [],
          "identity_schema_version": 0,
          "private": "eyJlMmJmYjczMC1lY2FhLTExZTYtOGY4OC0zNDM2M2JjN2M0YzAiOnsiY3JlYXRlIjoxODAwMDAwMDAwMDAwLCJkZWxldGUiOjE4MDAwMDAwMDAwMDAsInJlYWQiOjMwMDAwMDAwMDAwMCwidXBkYXRlIjoxODAwMDAwMDAwMDAwfX0=",
          "dependencies": [
            "azurerm_lb.example",
            "azurerm_lb_backend_address_pool.example",
            "azurerm_public_ip.example",
            "azurerm_resource_group.example"
          ]
        }
      ]
    },
    {
      "mode": "managed",
      "type": "azurerm_lb_probe",
      "name": "example",
      "provider": "provider[\"registry.terraform.io/hashicorp/azurerm\"]",
      "instances": [
        {
          "schema_version": 0,
          "attributes": {
            "id": "/subscriptions/9dc50af1-f67d-44f2-8d02-79fe0f028e7d/resourceGroups/UAT-rg/providers/Microsoft.Network/loadBalancers/UAT-LB/probes/http-probe",
            "interval_in_seconds": 15,
            "load_balancer_rules": [],
            "loadbalancer_id": "/subscriptions/9dc50af1-f67d-44f2-8d02-79fe0f028e7d/resourceGroups/UAT-rg/providers/Microsoft.Network/loadBalancers/UAT-LB",
            "name": "http-probe",
            "number_of_probes": 2,
            "port": 80,
            "probe_threshold": 1,
            "protocol": "Tcp",
            "request_path": "",
            "timeouts": null
          },
          "sensitive_attributes": [],
          "identity_schema_version": 0,
          "private": "eyJlMmJmYjczMC1lY2FhLTExZTYtOGY4OC0zNDM2M2JjN2M0YzAiOnsiY3JlYXRlIjoxODAwMDAwMDAwMDAwLCJkZWxldGUiOjE4MDAwMDAwMDAwMDAsInJlYWQiOjMwMDAwMDAwMDAwMCwidXBkYXRlIjoxODAwMDAwMDAwMDAwfX0=",
          "dependencies": [
            "azurerm_lb.example",
            "azurerm_public_ip.example",
            "azurerm_resource_group.example"
          ]
        }
      ]
    },
    {
      "mode": "managed",
      "type": "azurerm_lb_rule",
      "name": "example",
      "provider": "provider[\"registry.terraform.io/hashicorp/azurerm\"]",
      "instances": [
        {
          "schema_version": 0,
          "attributes": {
            "backend_address_pool_ids": [
              "/subscriptions/9dc50af1-f67d-44f2-8d02-79fe0f028e7d/resourceGroups/UAT-rg/providers/Microsoft.Network/loadBalancers/UAT-LB/backendAddressPools/BackEndAddressPool"
            ],
            "backend_port": 80,
            "disable_outbound_snat": true,
            "enable_floating_ip": false,
            "enable_tcp_reset": false,
            "frontend_ip_configuration_id": "/subscriptions/9dc50af1-f67d-44f2-8d02-79fe0f028e7d/resourceGroups/UAT-rg/providers/Microsoft.Network/loadBalancers/UAT-LB/frontendIPConfigurations/PublicIPAddress",
            "frontend_ip_configuration_name": "PublicIPAddress",
            "frontend_port": 80,
            "id": "/subscriptions/9dc50af1-f67d-44f2-8d02-79fe0f028e7d/resourceGroups/UAT-rg/providers/Microsoft.Network/loadBalancers/UAT-LB/loadBalancingRules/http-rule",
            "idle_timeout_in_minutes": 4,
            "load_distribution": "Default",
            "loadbalancer_id": "/subscriptions/9dc50af1-f67d-44f2-8d02-79fe0f028e7d/resourceGroups/UAT-rg/providers/Microsoft.Network/loadBalancers/UAT-LB",
            "name": "http-rule",
            "probe_id": "/subscriptions/9dc50af1-f67d-44f2-8d02-79fe0f028e7d/resourceGroups/UAT-rg/providers/Microsoft.Network/loadBalancers/UAT-LB/probes/http-probe",
            "protocol": "Tcp",
            "timeouts": null
          },
          "sensitive_attributes": [],
          "identity_schema_version": 0,
          "private": "eyJlMmJmYjczMC1lY2FhLTExZTYtOGY4OC0zNDM2M2JjN2M0YzAiOnsiY3JlYXRlIjoxODAwMDAwMDAwMDAwLCJkZWxldGUiOjE4MDAwMDAwMDAwMDAsInJlYWQiOjMwMDAwMDAwMDAwMCwidXBkYXRlIjoxODAwMDAwMDAwMDAwfX0=",
          "dependencies": [
            "azurerm_lb.example",
            "azurerm_lb_backend_address_pool.example",
            "azurerm_lb_probe.example",
            "azurerm_public_ip.example",
            "azurerm_resource_group.example"
          ]
        }
      ]
    },
    {
      "mode": "managed",
      "type": "azurerm_linux_virtual_machine_scale_set",
      "name": "example",
      "provider": "provider[\"registry.terraform.io/hashicorp/azurerm\"]",
      "instances": [
        {
          "schema_version": 0,
          "attributes": {
            "additional_capabilities": [],
            "admin_password": null,
            "admin_ssh_key": [
              {
                "public_key": "ssh-rsa AAAAB3NzaC1yc2EAAAADAQABAAACAQDbBZn5AULTFeaeU3JCGXhCBAaOrMp1Jm4n6Pa1KkkpH7rETfOsWtUvtFKac5ai21lSUR5161oj2bxS8pa62QEgBryYJyl33HndXAkfYP5tJGYL8Ywc7cFy1nhS5iM5TFJ+UIkhC/km3yhzUGepBoa5epIbKWWK8jbJ64Fif/jEJSTamoNvCfRyadnWi3E2nmhqSaK0gpcI7EaoZrgEqid+VU++5x1CnH2TsiDG9V5MFOEsgRKAnLWxVXAXBhFu44jID+EwDCUyKk1JfG9j/wiAlSFGDpBh/44vyKMrOrruZjIFbMerbiCX4uxkdOIShxsHBpCyNf+fXUqAIXszVXaradaKs/B3icGSyNW+o3nn9uZ8k3MgRct9BzJ/jt1YTkBmbIETUOXTK47auFpmrZkTFszQE/mLIP0aatXREwy4HbsuOXwgOoTBTETySXDlif4i32QIk72OSHeGOgWVmCeLYHisaJQpRp1BpQN/d7t7qC+kjEkGT8c5podzOQlVPHkFSIm/jXVrSEs8AedLCqf/eJklYr4nSt1km29Fz+qryd40gMa7GZoO2alBIEhNL8ZHM4dFXVgoUS8FJwtcLRl1X8MmeLe10GLRPoRom64RzQQx5YU78RlZ/6mHJyLHhR/P1lUGL2tUTy3bnMotVQvmZCA5bY562IsIn15hh2qoHQ== azure-vm-key\r\n",
                "username": "adminuser"
              }
            ],
            "admin_username": "adminuser",
            "automatic_instance_repair": [],
            "automatic_os_upgrade_policy": [],
            "boot_diagnostics": [],
            "capacity_reservation_group_id": "",
            "computer_name_prefix": "UAT-vmss",
            "custom_data": "IyEvYmluL2Jhc2gKCmFwdC1nZXQgdXBkYXRlIC15CmFwdC1nZXQgaW5zdGFsbCAteSBhcGFjaGUyIHBocCBqcQphcHQtZ2V0IGluc3RhbGwgLXkgc3RyZXNzCgpybSAtZiAvdmFyL3d3dy9odG1sL2luZGV4Lmh0bWwKCmNhdCA8PCdFT0YnID4gL3Zhci93d3cvaHRtbC9pbmRleC5waHAKPD9waHAKCi8vIFZpc2l0b3IgY291bnRlcgokY291bnRlcl9maWxlID0gIi92YXIvd3d3L2h0bWwvY291bnRlci50eHQiOwppZiAoIWZpbGVfZXhpc3RzKCRjb3VudGVyX2ZpbGUpKSB7CiAgICBmaWxlX3B1dF9jb250ZW50cygkY291bnRlcl9maWxlLCAwKTsKfQokdmlzaXRzID0gZmlsZV9nZXRfY29udGVudHMoJGNvdW50ZXJfZmlsZSk7CiR2aXNpdHMrKzsKZmlsZV9wdXRfY29udGVudHMoJGNvdW50ZXJfZmlsZSwgJHZpc2l0cyk7CgovLyBHZXQgTUFDIGFkZHJlc3MKJG1hYyA9IHRyaW0oc2hlbGxfZXhlYygiY2F0IC9zeXMvY2xhc3MvbmV0L2V0aDAvYWRkcmVzcyIpKTsKCi8vIEdldCBob3N0bmFtZSAoVk0gaW5zdGFuY2UgbmFtZSkKJGhvc3RuYW1lID0gZ2V0aG9zdG5hbWUoKTsKCi8vIEdldCBDUFUgdXNhZ2UKJGNwdV9sb2FkID0gc3lzX2dldGxvYWRhdmcoKTsKJGNwdSA9ICRjcHVfbG9hZFswXTsKCi8vIEdldCBNZW1vcnkgdXNhZ2UKJG1lbWluZm8gPSBmaWxlX2dldF9jb250ZW50cygiL3Byb2MvbWVtaW5mbyIpOwpwcmVnX21hdGNoKCcvTWVtVG90YWw6XHMrKFxkKykvJywgJG1lbWluZm8sICR0b3RhbCk7CnByZWdfbWF0Y2goJy9NZW1BdmFpbGFibGU6XHMrKFxkKykvJywgJG1lbWluZm8sICRhdmFpbGFibGUpOwoKJHRvdGFsX21lbSA9IHJvdW5kKCR0b3RhbFsxXSAvIDEwMjQpOwokYXZhaWxfbWVtID0gcm91bmQoJGF2YWlsYWJsZVsxXSAvIDEwMjQpOwokdXNlZF9tZW0gPSAkdG90YWxfbWVtIC0gJGF2YWlsX21lbTsKCgo/PgoKPCFET0NUWVBFIGh0bWw+CjxodG1sPgo8aGVhZD4KICAgIDx0aXRsZT5WTVNTIExpdmUgTW9uaXRvcjwvdGl0bGU+CgogICAgPHN0eWxlPgogICAgICAgIGJvZHkgeyBmb250LWZhbWlseTogQXJpYWw7IGJhY2tncm91bmQ6IzExMTsgY29sb3I6IzBmMDsgdGV4dC1hbGlnbjpjZW50ZXI7IH0KICAgICAgICAuYm94IHsgYm9yZGVyOjFweCBzb2xpZCAjMGYwOyBwYWRkaW5nOjIwcHg7IG1hcmdpbjoyMHB4IGF1dG87IHdpZHRoOjYwJTsgfQogICAgPC9zdHlsZT4KPC9oZWFkPgo8Ym9keT4KCjxoMT7wn5qAIEF6dXJlIFZNU1MgTGl2ZSBNb25pdG9yPC9oMT4KCjxkaXYgY2xhc3M9ImJveCI+CiAgICA8aDI+VmlzaXRvciBDb3VudDogPD9waHAgZWNobyAkdmlzaXRzOyA/PjwvaDI+CjwvZGl2PgoKPGRpdiBjbGFzcz0iYm94Ij4KICAgIDxoMz5TZXJ2aW5nIFZNPC9oMz4KICAgIDxwPjxiPkhvc3RuYW1lOjwvYj4gPD9waHAgZWNobyAkaG9zdG5hbWU7ID8+PC9wPgogICAgPHA+PGI+TUFDIEFkZHJlc3M6PC9iPiA8P3BocCBlY2hvICRtYWM7ID8+PC9wPgo8L2Rpdj4KCjxkaXYgY2xhc3M9ImJveCI+CiAgICA8aDM+U3lzdGVtIFVzYWdlPC9oMz4KICAgIDxwPjxiPkNQVSBMb2FkOjwvYj4gPD9waHAgZWNobyAkY3B1OyA/PjwvcD4KICAgIDxwPjxiPk1lbW9yeSBVc2VkOjwvYj4gPD9waHAgZWNobyAkdXNlZF9tZW07ID8+IE1CIC8gPD9waHAgZWNobyAkdG90YWxfbWVtOyA/PiBNQjwvcD4KPC9kaXY+Cgo8L2JvZHk+CjwvaHRtbD4KCkVPRgoKY2hvd24gLVIgd3d3LWRhdGE6d3d3LWRhdGEgL3Zhci93d3cvaHRtbApjaG1vZCA3NTUgL3Zhci93d3cvaHRtbC9pbmRleC5waHAKc2xlZXAgNjAKc3RyZXNzIC0tY3B1IDIgLS10aW1lb3V0IDMwMCAmCnN5c3RlbWN0bCBlbmFibGUgYXBhY2hlMgpzeXN0ZW1jdGwgcmVzdGFydCBhcGFjaGUy",
            "data_disk": [],
            "disable_password_authentication": true,
            "do_not_run_extensions_on_overprovisioned_machines": false,
            "edge_zone": "",
            "encryption_at_host_enabled": false,
            "eviction_policy": "",
            "extension": [],
            "extension_operations_enabled": true,
            "extensions_time_budget": "PT1H30M",
            "gallery_application": [],
            "health_probe_id": "",
            "host_group_id": null,
            "id": "/subscriptions/9dc50af1-f67d-44f2-8d02-79fe0f028e7d/resourceGroups/UAT-rg/providers/Microsoft.Compute/virtualMachineScaleSets/UAT-vmss",
            "identity": [],
            "instances": 1,
            "location": "australiaeast",
            "max_bid_price": -1,
            "name": "UAT-vmss",
            "network_interface": [
              {
                "dns_servers": null,
                "enable_accelerated_networking": false,
                "enable_ip_forwarding": false,
                "ip_configuration": [
                  {
                    "application_gateway_backend_address_pool_ids": null,
                    "application_security_group_ids": null,
                    "load_balancer_backend_address_pool_ids": [
                      "/subscriptions/9dc50af1-f67d-44f2-8d02-79fe0f028e7d/resourceGroups/UAT-rg/providers/Microsoft.Network/loadBalancers/UAT-LB/backendAddressPools/BackEndAddressPool"
                    ],
                    "load_balancer_inbound_nat_rules_ids": null,
                    "name": "internal",
                    "primary": true,
                    "public_ip_address": [],
                    "subnet_id": "/subscriptions/9dc50af1-f67d-44f2-8d02-79fe0f028e7d/resourceGroups/UAT-rg/providers/Microsoft.Network/virtualNetworks/UAT-network/subnets/internal",
                    "version": "IPv4"
                  }
                ],
                "name": "example",
                "network_security_group_id": "",
                "primary": true
              }
            ],
            "os_disk": [
              {
                "caching": "ReadWrite",
                "diff_disk_settings": [],
                "disk_encryption_set_id": "",
                "disk_size_gb": 30,
                "secure_vm_disk_encryption_set_id": "",
                "security_encryption_type": "",
                "storage_account_type": "Premium_LRS",
                "write_accelerator_enabled": false
              }
            ],
            "overprovision": true,
            "plan": [],
            "platform_fault_domain_count": 5,
            "priority": "Regular",
            "provision_vm_agent": true,
            "proximity_placement_group_id": "",
            "resource_group_name": "UAT-rg",
            "rolling_upgrade_policy": [],
            "scale_in": [],
            "secret": [],
            "secure_boot_enabled": false,
            "single_placement_group": true,
            "sku": "Standard_D2s_v3",
            "source_image_id": "",
            "source_image_reference": [
              {
                "offer": "0001-com-ubuntu-server-jammy",
                "publisher": "Canonical",
                "sku": "22_04-lts",
                "version": "latest"
              }
            ],
            "spot_restore": null,
            "tags": null,
            "termination_notification": null,
            "timeouts": null,
            "unique_id": "b596982b-12a2-4cac-ac99-a7a2f9cfb764",
            "upgrade_mode": "Manual",
            "user_data": "",
            "vtpm_enabled": false,
            "zone_balance": false,
            "zones": null
          },
          "sensitive_attributes": [
            [
              {
                "type": "get_attr",
                "value": "admin_password"
              }
            ],
            [
              {
                "type": "get_attr",
                "value": "custom_data"
              }
            ]
          ],
          "identity_schema_version": 0,
          "private": "eyJlMmJmYjczMC1lY2FhLTExZTYtOGY4OC0zNDM2M2JjN2M0YzAiOnsiY3JlYXRlIjozNjAwMDAwMDAwMDAwLCJkZWxldGUiOjM2MDAwMDAwMDAwMDAsInJlYWQiOjMwMDAwMDAwMDAwMCwidXBkYXRlIjozNjAwMDAwMDAwMDAwfX0=",
          "dependencies": [
            "azurerm_lb.example",
            "azurerm_lb_backend_address_pool.example",
            "azurerm_public_ip.example",
            "azurerm_resource_group.example",
            "azurerm_subnet.internal",
            "azurerm_virtual_network.example"
          ]
        }
      ]
    },
    {
      "mode": "managed",
      "type": "azurerm_monitor_autoscale_setting",
      "name": "example",
      "provider": "provider[\"registry.terraform.io/hashicorp/azurerm\"]",
      "instances": [
        {
          "schema_version": 2,
          "attributes": {
            "enabled": true,
            "id": "/subscriptions/9dc50af1-f67d-44f2-8d02-79fe0f028e7d/resourceGroups/UAT-rg/providers/Microsoft.Insights/autoScaleSettings/myAutoscaleSetting",
            "location": "australiaeast",
            "name": "myAutoscaleSetting",
            "notification": [
              {
                "email": [
                  {
                    "custom_emails": [
                      "srujanhukerikar21@gmail.com"
                    ],
                    "send_to_subscription_administrator": false,
                    "send_to_subscription_co_administrator": false
                  }
                ],
                "webhook": []
              }
            ],
            "predictive": [
              {
                "look_ahead_time": "PT5M",
                "scale_mode": "Enabled"
              }
            ],
            "profile": [
              {
                "capacity": [
                  {
                    "default": 1,
                    "maximum": 3,
                    "minimum": 1
                  }
                ],
                "fixed_date": [],
                "name": "defaultProfile",
                "recurrence": [],
                "rule": [
                  {
                    "metric_trigger": [
                      {
                        "dimensions": [],
                        "divide_by_instance_count": false,
                        "metric_name": "Percentage CPU",
                        "metric_namespace": "microsoft.compute/virtualmachinescalesets",
                        "metric_resource_id": "/subscriptions/9dc50af1-f67d-44f2-8d02-79fe0f028e7d/resourceGroups/UAT-rg/providers/Microsoft.Compute/virtualMachineScaleSets/UAT-vmss",
                        "operator": "GreaterThan",
                        "statistic": "Average",
                        "threshold": 1,
                        "time_aggregation": "Average",
                        "time_grain": "PT1M",
                        "time_window": "PT3M"
                      }
                    ],
                    "scale_action": [
                      {
                        "cooldown": "PT1M",
                        "direction": "Increase",
                        "type": "ChangeCount",
                        "value": 1
                      }
                    ]
                  },
                  {
                    "metric_trigger": [
                      {
                        "dimensions": [],
                        "divide_by_instance_count": false,
                        "metric_name": "Percentage CPU",
                        "metric_namespace": "microsoft.compute/virtualmachinescalesets",
                        "metric_resource_id": "/subscriptions/9dc50af1-f67d-44f2-8d02-79fe0f028e7d/resourceGroups/UAT-rg/providers/Microsoft.Compute/virtualMachineScaleSets/UAT-vmss",
                        "operator": "LessThan",
                        "statistic": "Average",
                        "threshold": 1,
                        "time_aggregation": "Average",
                        "time_grain": "PT1M",
                        "time_window": "PT5M"
                      }
                    ],
                    "scale_action": [
                      {
                        "cooldown": "PT1M",
                        "direction": "Decrease",
                        "type": "ChangeCount",
                        "value": 1
                      }
                    ]
                  }
                ]
              }
            ],
            "resource_group_name": "UAT-rg",
            "tags": null,
            "target_resource_id": "/subscriptions/9dc50af1-f67d-44f2-8d02-79fe0f028e7d/resourceGroups/UAT-rg/providers/Microsoft.Compute/virtualMachineScaleSets/UAT-vmss",
            "timeouts": null
          },
          "sensitive_attributes": [],
          "identity_schema_version": 0,
          "private": "eyJlMmJmYjczMC1lY2FhLTExZTYtOGY4OC0zNDM2M2JjN2M0YzAiOnsiY3JlYXRlIjoxODAwMDAwMDAwMDAwLCJkZWxldGUiOjE4MDAwMDAwMDAwMDAsInJlYWQiOjMwMDAwMDAwMDAwMCwidXBkYXRlIjoxODAwMDAwMDAwMDAwfSwic2NoZW1hX3ZlcnNpb24iOiIyIn0=",
          "dependencies": [
            "azurerm_lb.example",
            "azurerm_lb_backend_address_pool.example",
            "azurerm_linux_virtual_machine_scale_set.example",
            "azurerm_public_ip.example",
            "azurerm_resource_group.example",
            "azurerm_subnet.internal",
            "azurerm_virtual_network.example"
          ]
        }
      ]
    },
    {
      "mode": "managed",
      "type": "azurerm_network_security_group",
      "name": "example",
      "provider": "provider[\"registry.terraform.io/hashicorp/azurerm\"]",
      "instances": [
        {
          "schema_version": 0,
          "attributes": {
            "id": "/subscriptions/9dc50af1-f67d-44f2-8d02-79fe0f028e7d/resourceGroups/UAT-rg/providers/Microsoft.Network/networkSecurityGroups/UAT-nsg",
            "location": "australiaeast",
            "name": "UAT-nsg",
            "resource_group_name": "UAT-rg",
            "security_rule": [
              {
                "access": "Allow",
                "description": "",
                "destination_address_prefix": "*",
                "destination_address_prefixes": [],
                "destination_application_security_group_ids": [],
                "destination_port_range": "22",
                "destination_port_ranges": [],
                "direction": "Inbound",
                "name": "Allow-ssh",
                "priority": 120,
                "protocol": "Tcp",
                "source_address_prefix": "*",
                "source_address_prefixes": [],
                "source_application_security_group_ids": [],
                "source_port_range": "*",
                "source_port_ranges": []
              },
              {
                "access": "Allow",
                "description": "",
                "destination_address_prefix": "*",
                "destination_address_prefixes": [],
                "destination_application_security_group_ids": [],
                "destination_port_range": "443",
                "destination_port_ranges": [],
                "direction": "Inbound",
                "name": "Allow-https",
                "priority": 110,
                "protocol": "Tcp",
                "source_address_prefix": "*",
                "source_address_prefixes": [],
                "source_application_security_group_ids": [],
                "source_port_range": "*",
                "source_port_ranges": []
              },
              {
                "access": "Allow",
                "description": "",
                "destination_address_prefix": "*",
                "destination_address_prefixes": [],
                "destination_application_security_group_ids": [],
                "destination_port_range": "80",
                "destination_port_ranges": [],
                "direction": "Inbound",
                "name": "Allow-http",
                "priority": 100,
                "protocol": "Tcp",
                "source_address_prefix": "*",
                "source_address_prefixes": [],
                "source_application_security_group_ids": [],
                "source_port_range": "*",
                "source_port_ranges": []
              }
            ],
            "tags": {
              "environment": "UAT"
            },
            "timeouts": null
          },
          "sensitive_attributes": [],
          "identity_schema_version": 0,
          "private": "eyJlMmJmYjczMC1lY2FhLTExZTYtOGY4OC0zNDM2M2JjN2M0YzAiOnsiY3JlYXRlIjoxODAwMDAwMDAwMDAwLCJkZWxldGUiOjE4MDAwMDAwMDAwMDAsInJlYWQiOjMwMDAwMDAwMDAwMCwidXBkYXRlIjoxODAwMDAwMDAwMDAwfX0=",
          "dependencies": [
            "azurerm_resource_group.example"
          ]
        }
      ]
    },
    {
      "mode": "managed",
      "type": "azurerm_public_ip",
      "name": "example",
      "provider": "provider[\"registry.terraform.io/hashicorp/azurerm\"]",
      "instances": [
        {
          "schema_version": 0,
          "attributes": {
            "allocation_method": "Static",
            "ddos_protection_mode": "VirtualNetworkInherited",
            "ddos_protection_plan_id": null,
            "domain_name_label": null,
            "edge_zone": "",
            "fqdn": null,
            "id": "/subscriptions/9dc50af1-f67d-44f2-8d02-79fe0f028e7d/resourceGroups/UAT-rg/providers/Microsoft.Network/publicIPAddresses/UAT-pip",
            "idle_timeout_in_minutes": 4,
            "ip_address": "20.53.232.255",
            "ip_tags": null,
            "ip_version": "IPv4",
            "location": "australiaeast",
            "name": "UAT-pip",
            "public_ip_prefix_id": null,
            "resource_group_name": "UAT-rg",
            "reverse_fqdn": null,
            "sku": "Standard",
            "sku_tier": "Regional",
            "tags": null,
            "timeouts": null,
            "zones": null
          },
          "sensitive_attributes": [],
          "identity_schema_version": 0,
          "private": "eyJlMmJmYjczMC1lY2FhLTExZTYtOGY4OC0zNDM2M2JjN2M0YzAiOnsiY3JlYXRlIjoxODAwMDAwMDAwMDAwLCJkZWxldGUiOjE4MDAwMDAwMDAwMDAsInJlYWQiOjMwMDAwMDAwMDAwMCwidXBkYXRlIjoxODAwMDAwMDAwMDAwfX0=",
          "dependencies": [
            "azurerm_resource_group.example"
          ]
        }
      ]
    },
    {
      "mode": "managed",
      "type": "azurerm_resource_group",
      "name": "example",
      "provider": "provider[\"registry.terraform.io/hashicorp/azurerm\"]",
      "instances": [
        {
          "schema_version": 0,
          "attributes": {
            "id": "/subscriptions/9dc50af1-f67d-44f2-8d02-79fe0f028e7d/resourceGroups/UAT-rg",
            "location": "australiaeast",
            "managed_by": "",
            "name": "UAT-rg",
            "tags": null,
            "timeouts": null
          },
          "sensitive_attributes": [],
          "identity_schema_version": 0,
          "private": "eyJlMmJmYjczMC1lY2FhLTExZTYtOGY4OC0zNDM2M2JjN2M0YzAiOnsiY3JlYXRlIjo1NDAwMDAwMDAwMDAwLCJkZWxldGUiOjU0MDAwMDAwMDAwMDAsInJlYWQiOjMwMDAwMDAwMDAwMCwidXBkYXRlIjo1NDAwMDAwMDAwMDAwfX0="
        }
      ]
    },
    {
      "mode": "managed",
      "type": "azurerm_subnet",
      "name": "internal",
      "provider": "provider[\"registry.terraform.io/hashicorp/azurerm\"]",
      "instances": [
        {
          "schema_version": 0,
          "attributes": {
            "address_prefixes": [
              "10.0.2.0/24"
            ],
            "default_outbound_access_enabled": true,
            "delegation": [],
            "id": "/subscriptions/9dc50af1-f67d-44f2-8d02-79fe0f028e7d/resourceGroups/UAT-rg/providers/Microsoft.Network/virtualNetworks/UAT-network/subnets/internal",
            "name": "internal",
            "private_endpoint_network_policies": "Disabled",
            "private_link_service_network_policies_enabled": true,
            "resource_group_name": "UAT-rg",
            "service_endpoint_policy_ids": null,
            "service_endpoints": null,
            "timeouts": null,
            "virtual_network_name": "UAT-network"
          },
          "sensitive_attributes": [],
          "identity_schema_version": 0,
          "private": "eyJlMmJmYjczMC1lY2FhLTExZTYtOGY4OC0zNDM2M2JjN2M0YzAiOnsiY3JlYXRlIjoxODAwMDAwMDAwMDAwLCJkZWxldGUiOjE4MDAwMDAwMDAwMDAsInJlYWQiOjMwMDAwMDAwMDAwMCwidXBkYXRlIjoxODAwMDAwMDAwMDAwfX0=",
          "dependencies": [
            "azurerm_resource_group.example",
            "azurerm_virtual_network.example"
          ]
        }
      ]
    },
    {
      "mode": "managed",
      "type": "azurerm_subnet_network_security_group_association",
      "name": "name",
      "provider": "provider[\"registry.terraform.io/hashicorp/azurerm\"]",
      "instances": [
        {
          "schema_version": 0,
          "attributes": {
            "id": "/subscriptions/9dc50af1-f67d-44f2-8d02-79fe0f028e7d/resourceGroups/UAT-rg/providers/Microsoft.Network/virtualNetworks/UAT-network/subnets/internal",
            "network_security_group_id": "/subscriptions/9dc50af1-f67d-44f2-8d02-79fe0f028e7d/resourceGroups/UAT-rg/providers/Microsoft.Network/networkSecurityGroups/UAT-nsg",
            "subnet_id": "/subscriptions/9dc50af1-f67d-44f2-8d02-79fe0f028e7d/resourceGroups/UAT-rg/providers/Microsoft.Network/virtualNetworks/UAT-network/subnets/internal",
            "timeouts": null
          },
          "sensitive_attributes": [],
          "identity_schema_version": 0,
          "private": "eyJlMmJmYjczMC1lY2FhLTExZTYtOGY4OC0zNDM2M2JjN2M0YzAiOnsiY3JlYXRlIjoxODAwMDAwMDAwMDAwLCJkZWxldGUiOjE4MDAwMDAwMDAwMDAsInJlYWQiOjMwMDAwMDAwMDAwMH19",
          "dependencies": [
            "azurerm_network_security_group.example",
            "azurerm_resource_group.example",
            "azurerm_subnet.internal",
            "azurerm_virtual_network.example"
          ]
        }
      ]
    },
    {
      "mode": "managed",
      "type": "azurerm_virtual_network",
      "name": "example",
      "provider": "provider[\"registry.terraform.io/hashicorp/azurerm\"]",
      "instances": [
        {
          "schema_version": 0,
          "attributes": {
            "address_space": [
              "10.0.0.0/16"
            ],
            "bgp_community": "",
            "ddos_protection_plan": [],
            "dns_servers": [],
            "edge_zone": "",
            "encryption": [],
            "flow_timeout_in_minutes": 0,
            "guid": "f503e68b-83f1-40da-a10f-b47cc03951e3",
            "id": "/subscriptions/9dc50af1-f67d-44f2-8d02-79fe0f028e7d/resourceGroups/UAT-rg/providers/Microsoft.Network/virtualNetworks/UAT-network",
            "location": "australiaeast",
            "name": "UAT-network",
            "resource_group_name": "UAT-rg",
            "subnet": [],
            "tags": null,
            "timeouts": null
          },
          "sensitive_attributes": [],
          "identity_schema_version": 0,
          "private": "eyJlMmJmYjczMC1lY2FhLTExZTYtOGY4OC0zNDM2M2JjN2M0YzAiOnsiY3JlYXRlIjoxODAwMDAwMDAwMDAwLCJkZWxldGUiOjE4MDAwMDAwMDAwMDAsInJlYWQiOjMwMDAwMDAwMDAwMCwidXBkYXRlIjoxODAwMDAwMDAwMDAwfX0=",
          "dependencies": [
            "azurerm_resource_group.example"
          ]
        }
      ]
    }
  ],
  "check_results": null
}
